
Microsoft Visual Studio Solution File, Format Version 12.00
# Visual Studio 15
VisualStudioVersion = 15.0.26430.6
MinimumVisualStudioVersion = 10.0.40219.1
Project("{FAE04EC0-301F-11D3-BF4B-00C04F79EFBC}") = "RebuildMMLDoc", "RebuildMMLDoc\RebuildMMLDoc.csproj", "{1ED40C6F-5B45-4110-B193-0007579657FC}"
EndProject
Global
	GlobalSection(SolutionConfigurationPlatforms) = preSolution
		Debug|Any CPU = Debug|Any CPU
		Release|Any CPU = Release|Any CPU
	EndGlobalSection
	GlobalSection(ProjectConfigurationPlatforms) = postSolution
		{1ED40C6F-5B45-4110-B193-0007579657FC}.Debug|Any CPU.ActiveCfg = Debug|Any CPU
		{1ED40C6F-5B45-4110-B193-0007579657FC}.Debug|Any CPU.Build.0 = Debug|Any CPU
		{1ED40C6F-5B45-4110-B193-0007579657FC}.Release|Any CPU.ActiveCfg = Release|Any CPU
		{1ED40C6F-5B45-4110-B193-0007579657FC}.Release|Any CPU.Build.0 = Release|Any CPU
	EndGlobalSection
	GlobalSection(SolutionProperties) = preSolution
		HideSolutionNode = FALSE
	EndGlobalSection
EndGlobal
